
Microsoft Visual Studio Solution File, Format Version 12.00
# Visual Studio Version 17
VisualStudioVersion = 17.6.33712.159
MinimumVisualStudioVersion = 10.0.40219.1
Project("{FAE04EC0-301F-11D3-BF4B-00C04F79EFBC}") = "FYP.Web", "FYP.Web\FYP.Web.csproj", "{426A81E8-A05F-45E1-AEC3-7F34E4A94C48}"
EndProject
Project("{FAE04EC0-301F-11D3-BF4B-00C04F79EFBC}") = "FYP.DB", "FYP.DB\FYP.DB.csproj", "{2A52ECF0-9E46-46D7-91CC-BE6FBC168049}"
EndProject
Project("{FAE04EC0-301F-11D3-BF4B-00C04F79EFBC}") = "FYP.Services", "FYP.Services\FYP.Services.csproj", "{CA373DFF-4B4B-45D8-B869-CCE4D43D2234}"
EndProject
Global
	GlobalSection(SolutionConfigurationPlatforms) = preSolution
		Debug|Any CPU = Debug|Any CPU
		Release|Any CPU = Release|Any CPU
	EndGlobalSection
	GlobalSection(ProjectConfigurationPlatforms) = postSolution
		{426A81E8-A05F-45E1-AEC3-7F34E4A94C48}.Debug|Any CPU.ActiveCfg = Debug|Any CPU
		{426A81E8-A05F-45E1-AEC3-7F34E4A94C48}.Debug|Any CPU.Build.0 = Debug|Any CPU
		{426A81E8-A05F-45E1-AEC3-7F34E4A94C48}.Release|Any CPU.ActiveCfg = Release|Any CPU
		{426A81E8-A05F-45E1-AEC3-7F34E4A94C48}.Release|Any CPU.Build.0 = Release|Any CPU
		{2A52ECF0-9E46-46D7-91CC-BE6FBC168049}.Debug|Any CPU.ActiveCfg = Debug|Any CPU
		{2A52ECF0-9E46-46D7-91CC-BE6FBC168049}.Debug|Any CPU.Build.0 = Debug|Any CPU
		{2A52ECF0-9E46-46D7-91CC-BE6FBC168049}.Release|Any CPU.ActiveCfg = Release|Any CPU
		{2A52ECF0-9E46-46D7-91CC-BE6FBC168049}.Release|Any CPU.Build.0 = Release|Any CPU
		{CA373DFF-4B4B-45D8-B869-CCE4D43D2234}.Debug|Any CPU.ActiveCfg = Debug|Any CPU
		{CA373DFF-4B4B-45D8-B869-CCE4D43D2234}.Debug|Any CPU.Build.0 = Debug|Any CPU
		{CA373DFF-4B4B-45D8-B869-CCE4D43D2234}.Release|Any CPU.ActiveCfg = Release|Any CPU
		{CA373DFF-4B4B-45D8-B869-CCE4D43D2234}.Release|Any CPU.Build.0 = Release|Any CPU
	EndGlobalSection
	GlobalSection(SolutionProperties) = preSolution
		HideSolutionNode = FALSE
	EndGlobalSection
	GlobalSection(ExtensibilityGlobals) = postSolution
		SolutionGuid = {6CA567DA-4E53-4A9E-83C1-2D4AA9FFB443}
	EndGlobalSection
EndGlobal
